
Microsoft Visual Studio Solution File, Format Version 12.00
# Visual Studio Version 16
VisualStudioVersion = 16.0.30128.74
MinimumVisualStudioVersion = 10.0.40219.1
Project("{FAE04EC0-301F-11D3-BF4B-00C04F79EFBC}") = "TheObstacleRunnerMiniGame", "TheObstacleRunnerMiniGame\TheObstacleRunnerMiniGame.csproj", "{EA0D1A04-34C0-4778-9B54-6251B1709C7B}"
EndProject
Global
	GlobalSection(SolutionConfigurationPlatforms) = preSolution
		Debug|Any CPU = Debug|Any CPU
		Release|Any CPU = Release|Any CPU
	EndGlobalSection
	GlobalSection(ProjectConfigurationPlatforms) = postSolution
		{EA0D1A04-34C0-4778-9B54-6251B1709C7B}.Debug|Any CPU.ActiveCfg = Debug|Any CPU
		{EA0D1A04-34C0-4778-9B54-6251B1709C7B}.Debug|Any CPU.Build.0 = Debug|Any CPU
		{EA0D1A04-34C0-4778-9B54-6251B1709C7B}.Release|Any CPU.ActiveCfg = Release|Any CPU
		{EA0D1A04-34C0-4778-9B54-6251B1709C7B}.Release|Any CPU.Build.0 = Release|Any CPU
	EndGlobalSection
	GlobalSection(SolutionProperties) = preSolution
		HideSolutionNode = FALSE
	EndGlobalSection
	GlobalSection(ExtensibilityGlobals) = postSolution
		SolutionGuid = {EB4D6A52-BCC3-4EF3-BCB4-D001018B1E31}
	EndGlobalSection
EndGlobal
